
Microsoft Visual Studio Solution File, Format Version 12.00
# Visual Studio 15
VisualStudioVersion = 15.0.27703.2047
MinimumVisualStudioVersion = 10.0.40219.1
Project("{9A19103F-16F7-4668-BE54-9A1E7A4F7556}") = "AspNetCoreSK.Vue", "AspNetCoreSK.Vue\AspNetCoreSK.Vue.csproj", "{15E2C97F-E3FB-44A8-A8F0-05FC97703C1A}"
EndProject
Project("{2150E333-8FDC-42A3-9474-1A3956D46DE8}") = "Solution items", "Solution items", "{1B51AFC6-D47C-4EC2-A28A-F7C0D335A4B6}"
	ProjectSection(SolutionItems) = preProject
		.gitignore = .gitignore
	EndProjectSection
EndProject
Project("{FAE04EC0-301F-11D3-BF4B-00C04F79EFBC}") = "AspNetCoreSK.Vue.Endpoint", "AspNetCoreSK.Vue.Endpoint\AspNetCoreSK.Vue.Endpoint.csproj", "{7C95055D-6C88-478A-931C-292A8F5B6046}"
EndProject
Global
	GlobalSection(SolutionConfigurationPlatforms) = preSolution
		Debug|Any CPU = Debug|Any CPU
		Release|Any CPU = Release|Any CPU
	EndGlobalSection
	GlobalSection(ProjectConfigurationPlatforms) = postSolution
		{15E2C97F-E3FB-44A8-A8F0-05FC97703C1A}.Debug|Any CPU.ActiveCfg = Debug|Any CPU
		{15E2C97F-E3FB-44A8-A8F0-05FC97703C1A}.Debug|Any CPU.Build.0 = Debug|Any CPU
		{15E2C97F-E3FB-44A8-A8F0-05FC97703C1A}.Release|Any CPU.ActiveCfg = Release|Any CPU
		{15E2C97F-E3FB-44A8-A8F0-05FC97703C1A}.Release|Any CPU.Build.0 = Release|Any CPU
		{7C95055D-6C88-478A-931C-292A8F5B6046}.Debug|Any CPU.ActiveCfg = Debug|Any CPU
		{7C95055D-6C88-478A-931C-292A8F5B6046}.Debug|Any CPU.Build.0 = Debug|Any CPU
		{7C95055D-6C88-478A-931C-292A8F5B6046}.Release|Any CPU.ActiveCfg = Release|Any CPU
		{7C95055D-6C88-478A-931C-292A8F5B6046}.Release|Any CPU.Build.0 = Release|Any CPU
	EndGlobalSection
	GlobalSection(SolutionProperties) = preSolution
		HideSolutionNode = FALSE
	EndGlobalSection
	GlobalSection(ExtensibilityGlobals) = postSolution
		SolutionGuid = {436F4C8E-4DC6-4C1D-B547-EF88A447677D}
	EndGlobalSection
EndGlobal
